
Microsoft Visual Studio Solution File, Format Version 12.00
# Visual Studio 15
VisualStudioVersion = 15.0.27130.2036
MinimumVisualStudioVersion = 10.0.40219.1
Project("{FAE04EC0-301F-11D3-BF4B-00C04F79EFBC}") = "MicrowaveOvenClasses", "MicrowaveOvenClasses\MicrowaveOvenClasses.csproj", "{2B04DA6B-AFE9-4548-AA05-84D806BA0FA4}"
EndProject
Project("{FAE04EC0-301F-11D3-BF4B-00C04F79EFBC}") = "Microwave.Test.Unit", "Microwave.Test.Unit\Microwave.Test.Unit.csproj", "{2B2735BA-EF0A-42C4-8457-25786ACF90D9}"
EndProject
Project("{FAE04EC0-301F-11D3-BF4B-00C04F79EFBC}") = "Microwave.Test.Integration", "Microwave.Test.Integration\Microwave.Test.Integration.csproj", "{75E9028F-60F6-49BB-B066-2C0C57580C20}"
EndProject
Project("{FAE04EC0-301F-11D3-BF4B-00C04F79EFBC}") = "TestApplikation", "TestApplikation\TestApplikation.csproj", "{D55801C6-66F8-4B54-9C77-7C313DF1CCCA}"
EndProject
Global
	GlobalSection(SolutionConfigurationPlatforms) = preSolution
		Debug|Any CPU = Debug|Any CPU
		Release|Any CPU = Release|Any CPU
	EndGlobalSection
	GlobalSection(ProjectConfigurationPlatforms) = postSolution
		{2B04DA6B-AFE9-4548-AA05-84D806BA0FA4}.Debug|Any CPU.ActiveCfg = Debug|Any CPU
		{2B04DA6B-AFE9-4548-AA05-84D806BA0FA4}.Debug|Any CPU.Build.0 = Debug|Any CPU
		{2B04DA6B-AFE9-4548-AA05-84D806BA0FA4}.Release|Any CPU.ActiveCfg = Release|Any CPU
		{2B04DA6B-AFE9-4548-AA05-84D806BA0FA4}.Release|Any CPU.Build.0 = Release|Any CPU
		{2B2735BA-EF0A-42C4-8457-25786ACF90D9}.Debug|Any CPU.ActiveCfg = Debug|Any CPU
		{2B2735BA-EF0A-42C4-8457-25786ACF90D9}.Debug|Any CPU.Build.0 = Debug|Any CPU
		{2B2735BA-EF0A-42C4-8457-25786ACF90D9}.Release|Any CPU.ActiveCfg = Release|Any CPU
		{2B2735BA-EF0A-42C4-8457-25786ACF90D9}.Release|Any CPU.Build.0 = Release|Any CPU
		{75E9028F-60F6-49BB-B066-2C0C57580C20}.Debug|Any CPU.ActiveCfg = Debug|Any CPU
		{75E9028F-60F6-49BB-B066-2C0C57580C20}.Debug|Any CPU.Build.0 = Debug|Any CPU
		{75E9028F-60F6-49BB-B066-2C0C57580C20}.Release|Any CPU.ActiveCfg = Release|Any CPU
		{75E9028F-60F6-49BB-B066-2C0C57580C20}.Release|Any CPU.Build.0 = Release|Any CPU
		{D55801C6-66F8-4B54-9C77-7C313DF1CCCA}.Debug|Any CPU.ActiveCfg = Debug|Any CPU
		{D55801C6-66F8-4B54-9C77-7C313DF1CCCA}.Debug|Any CPU.Build.0 = Debug|Any CPU
		{D55801C6-66F8-4B54-9C77-7C313DF1CCCA}.Release|Any CPU.ActiveCfg = Release|Any CPU
		{D55801C6-66F8-4B54-9C77-7C313DF1CCCA}.Release|Any CPU.Build.0 = Release|Any CPU
	EndGlobalSection
	GlobalSection(SolutionProperties) = preSolution
		HideSolutionNode = FALSE
	EndGlobalSection
	GlobalSection(ExtensibilityGlobals) = postSolution
		SolutionGuid = {5EE34A8E-14B1-4442-A68F-ADB18E248788}
	EndGlobalSection
EndGlobal
